// !$*UTF8*$!
{
	archiveVersion = 1;
	classes = {
	};
	objectVersion = 55;
	objects = {

/* Begin PBXBuildFile section */
		175C3FB9299C3C8B003F0102 /* MovieProcessor.swift in Sources */ = {isa = PBXBuildFile; fileRef = 175C3FB8299C3C8B003F0102 /* MovieProcessor.swift */; };
		175C3FBB299C3E5B003F0102 /* FolderProcessor.swift in Sources */ = {isa = PBXBuildFile; fileRef = 175C3FBA299C3E5B003F0102 /* FolderProcessor.swift */; };
		17FEFEE42825D74A009EA99E /* DeInterlacerApp.swift in Sources */ = {isa = PBXBuildFile; fileRef = 17FEFEE32825D74A009EA99E /* DeInterlacerApp.swift */; };
		17FEFEE62825D74A009EA99E /* ContentView.swift in Sources */ = {isa = PBXBuildFile; fileRef = 17FEFEE52825D74A009EA99E /* ContentView.swift */; };
		17FEFEE82825D74A009EA99E /* Assets.xcassets in Resources */ = {isa = PBXBuildFile; fileRef = 17FEFEE72825D74A009EA99E /* Assets.xcassets */; };
		17FEFEEB2825D74A009EA99E /* Preview Assets.xcassets in Resources */ = {isa = PBXBuildFile; fileRef = 17FEFEEA2825D74A009EA99E /* Preview Assets.xcassets */; };
/* End PBXBuildFile section */

/* Begin PBXFileReference section */
		175C3FB8299C3C8B003F0102 /* MovieProcessor.swift */ = {isa = PBXFileReference; lastKnownFileType = sourcecode.swift; path = MovieProcessor.swift; sourceTree = "<group>"; };
		175C3FBA299C3E5B003F0102 /* FolderProcessor.swift */ = {isa = PBXFileReference; lastKnownFileType = sourcecode.swift; path = FolderProcessor.swift; sourceTree = "<group>"; };
		17AE2B4C2825E7E200D0E177 /* Info.plist */ = {isa = PBXFileReference; lastKnownFileType = text.plist; path = Info.plist; sourceTree = "<group>"; };
		17FEFEE02825D74A009EA99E /* DeInterlacer.app */ = {isa = PBXFileReference; explicitFileType = wrapper.application; includeInIndex = 0; path = DeInterlacer.app; sourceTree = BUILT_PRODUCTS_DIR; };
		17FEFEE32825D74A009EA99E /* DeInterlacerApp.swift */ = {isa = PBXFileReference; lastKnownFileType = sourcecode.swift; path = DeInterlacerApp.swift; sourceTree = "<group>"; };
		17FEFEE52825D74A009EA99E /* ContentView.swift */ = {isa = PBXFileReference; lastKnownFileType = sourcecode.swift; path = ContentView.swift; sourceTree = "<group>"; };
		17FEFEE72825D74A009EA99E /* Assets.xcassets */ = {isa = PBXFileReference; lastKnownFileType = folder.assetcatalog; path = Assets.xcassets; sourceTree = "<group>"; };
		17FEFEEA2825D74A009EA99E /* Preview Assets.xcassets */ = {isa = PBXFileReference; lastKnownFileType = folder.assetcatalog; path = "Preview Assets.xcassets"; sourceTree = "<group>"; };
		17FEFEEC2825D74A009EA99E /* DeInterlacer.entitlements */ = {isa = PBXFileReference; lastKnownFileType = text.plist.entitlements; path = DeInterlacer.entitlements; sourceTree = "<group>"; };
/* End PBXFileReference section */

/* Begin PBXFrameworksBuildPhase section */
		17FEFEDD2825D74A009EA99E /* Frameworks */ = {
			isa = PBXFrameworksBuildPhase;
			buildActionMask = 2147483647;
			files = (
			);
			runOnlyForDeploymentPostprocessing = 0;
		};
/* End PBXFrameworksBuildPhase section */

/* Begin PBXGroup section */
		17FEFED72825D749009EA99E = {
			isa = PBXGroup;
			children = (
				17FEFEE22825D74A009EA99E /* DeInterlacer */,
				17FEFEE12825D74A009EA99E /* Products */,
			);
			sourceTree = "<group>";
		};
		17FEFEE12825D74A009EA99E /* Products */ = {
			isa = PBXGroup;
			children = (
				17FEFEE02825D74A009EA99E /* DeInterlacer.app */,
			);
			name = Products;
			sourceTree = "<group>";
		};
		17FEFEE22825D74A009EA99E /* DeInterlacer */ = {
			isa = PBXGroup;
			children = (
				17AE2B4C2825E7E200D0E177 /* Info.plist */,
				17FEFEE32825D74A009EA99E /* DeInterlacerApp.swift */,
				17FEFEE52825D74A009EA99E /* ContentView.swift */,
				175C3FB8299C3C8B003F0102 /* MovieProcessor.swift */,
				175C3FBA299C3E5B003F0102 /* FolderProcessor.swift */,
				17FEFEE72825D74A009EA99E /* Assets.xcassets */,
				17FEFEEC2825D74A009EA99E /* DeInterlacer.entitlements */,
				17FEFEE92825D74A009EA99E /* Preview Content */,
			);
			path = DeInterlacer;
			sourceTree = "<group>";
		};
		17FEFEE92825D74A009EA99E /* Preview Content */ = {
			isa = PBXGroup;
			children = (
				17FEFEEA2825D74A009EA99E /* Preview Assets.xcassets */,
			);
			path = "Preview Content";
			sourceTree = "<group>";
		};
/* End PBXGroup section */

/* Begin PBXNativeTarget section */
		17FEFEDF2825D74A009EA99E /* DeInterlacer */ = {
			isa = PBXNativeTarget;
			buildConfigurationList = 17FEFEEF2825D74A009EA99E /* Build configuration list for PBXNativeTarget "DeInterlacer" */;
			buildPhases = (
				17FEFEDC2825D74A009EA99E /* Sources */,
				17FEFEDD2825D74A009EA99E /* Frameworks */,
				17FEFEDE2825D74A009EA99E /* Resources */,
			);
			buildRules = (
			);
			dependencies = (
			);
			name = DeInterlacer;
			productName = DeInterlacer;
			productReference = 17FEFEE02825D74A009EA99E /* DeInterlacer.app */;
			productType = "com.apple.product-type.application";
		};
/* End PBXNativeTarget section */

/* Begin PBXProject section */
		17FEFED82825D749009EA99E /* Project object */ = {
			isa = PBXProject;
			attributes = {
				BuildIndependentTargetsInParallel = 1;
				LastSwiftUpdateCheck = 1330;
				LastUpgradeCheck = 1330;
				TargetAttributes = {
					17FEFEDF2825D74A009EA99E = {
						CreatedOnToolsVersion = 13.3.1;
					};
				};
			};
			buildConfigurationList = 17FEFEDB2825D749009EA99E /* Build configuration list for PBXProject "DeInterlacer" */;
			compatibilityVersion = "Xcode 13.0";
			developmentRegion = en;
			hasScannedForEncodings = 0;
			knownRegions = (
				en,
				Base,
			);
			mainGroup = 17FEFED72825D749009EA99E;
			productRefGroup = 17FEFEE12825D74A009EA99E /* Products */;
			projectDirPath = "";
			projectRoot = "";
			targets = (
				17FEFEDF2825D74A009EA99E /* DeInterlacer */,
			);
		};
/* End PBXProject section */

/* Begin PBXResourcesBuildPhase section */
		17FEFEDE2825D74A009EA99E /* Resources */ = {
			isa = PBXResourcesBuildPhase;
			buildActionMask = 2147483647;
			files = (
				17FEFEEB2825D74A009EA99E /* Preview Assets.xcassets in Resources */,
				17FEFEE82825D74A009EA99E /* Assets.xcassets in Resources */,
			);
			runOnlyForDeploymentPostprocessing = 0;
		};
/* End PBXResourcesBuildPhase section */

/* Begin PBXSourcesBuildPhase section */
		17FEFEDC2825D74A009EA99E /* Sources */ = {
			isa = PBXSourcesBuildPhase;
			buildActionMask = 2147483647;
			files = (
				175C3FBB299C3E5B003F0102 /* FolderProcessor.swift in Sources */,
				17FEFEE62825D74A009EA99E /* ContentView.swift in Sources */,
				175C3FB9299C3C8B003F0102 /* MovieProcessor.swift in Sources */,
				17FEFEE42825D74A009EA99E /* DeInterlacerApp.swift in Sources */,
			);
			runOnlyForDeploymentPostprocessing = 0;
		};
/* End PBXSourcesBuildPhase section */

/* Begin XCBuildConfiguration section */
		17FEFEED2825D74A009EA99E /* Debug */ = {
			isa = XCBuildConfiguration;
			buildSettings = {
				ALWAYS_SEARCH_USER_PATHS = NO;
				CLANG_ANALYZER_NONNULL = YES;
				CLANG_ANALYZER_NUMBER_OBJECT_CONVERSION = YES_AGGRESSIVE;
				CLANG_CXX_LANGUAGE_STANDARD = "gnu++17";
				CLANG_ENABLE_MODULES = YES;
				CLANG_ENABLE_OBJC_ARC = YES;
				CLANG_ENABLE_OBJC_WEAK = YES;
				CLANG_WARN_BLOCK_CAPTURE_AUTORELEASING = YES;
				CLANG_WARN_BOOL_CONVERSION = YES;
				CLANG_WARN_COMMA = YES;
				CLANG_WARN_CONSTANT_CONVERSION = YES;
				CLANG_WARN_DEPRECATED_OBJC_IMPLEMENTATIONS = YES;
				CLANG_WARN_DIRECT_OBJC_ISA_USAGE = YES_ERROR;
				CLANG_WARN_DOCUMENTATION_COMMENTS = YES;
				CLANG_WARN_EMPTY_BODY = YES;
				CLANG_WARN_ENUM_CONVERSION = YES;
				CLANG_WARN_INFINITE_RECURSION = YES;
				CLANG_WARN_INT_CONVERSION = YES;
				CLANG_WARN_NON_LITERAL_NULL_CONVERSION = YES;
				CLANG_WARN_OBJC_IMPLICIT_RETAIN_SELF = YES;
				CLANG_WARN_OBJC_LITERAL_CONVERSION = YES;
				CLANG_WARN_OBJC_ROOT_CLASS = YES_ERROR;
				CLANG_WARN_QUOTED_INCLUDE_IN_FRAMEWORK_HEADER = YES;
				CLANG_WARN_RANGE_LOOP_ANALYSIS = YES;
				CLANG_WARN_STRICT_PROTOTYPES = YES;
				CLANG_WARN_SUSPICIOUS_MOVE = YES;
				CLANG_WARN_UNGUARDED_AVAILABILITY = YES_AGGRESSIVE;
				CLANG_WARN_UNREACHABLE_CODE = YES;
				CLANG_WARN__DUPLICATE_METHOD_MATCH = YES;
				COPY_PHASE_STRIP = NO;
				DEBUG_INFORMATION_FORMAT = dwarf;
				ENABLE_STRICT_OBJC_MSGSEND = YES;
				ENABLE_TESTABILITY = YES;
				GCC_C_LANGUAGE_STANDARD = gnu11;
				GCC_DYNAMIC_NO_PIC = NO;
				GCC_NO_COMMON_BLOCKS = YES;
				GCC_OPTIMIZATION_LEVEL = 0;
				GCC_PREPROCESSOR_DEFINITIONS = (
					"DEBUG=1",
					"$(inherited)",
				);
				GCC_WARN_64_TO_32_BIT_CONVERSION = YES;
				GCC_WARN_ABOUT_RETURN_TYPE = YES_ERROR;
				GCC_WARN_UNDECLARED_SELECTOR = YES;
				GCC_WARN_UNINITIALIZED_AUTOS = YES_AGGRESSIVE;
				GCC_WARN_UNUSED_FUNCTION = YES;
				GCC_WARN_UNUSED_VARIABLE = YES;
				MACOSX_DEPLOYMENT_TARGET = 12.3;
				MTL_ENABLE_DEBUG_INFO = INCLUDE_SOURCE;
				MTL_FAST_MATH = YES;
				ONLY_ACTIVE_ARCH = YES;
				SDKROOT = macosx;
				SWIFT_ACTIVE_COMPILATION_CONDITIONS = DEBUG;
				SWIFT_OPTIMIZATION_LEVEL = "-Onone";
			};
			name = Debug;
		};
		17FEFEEE2825D74A009EA99E /* Release */ = {
			isa = XCBuildConfiguration;
			buildSettings = {
				ALWAYS_SEARCH_USER_PATHS = NO;
				CLANG_ANALYZER_NONNULL = YES;
				CLANG_ANALYZER_NUMBER_OBJECT_CONVERSION = YES_AGGRESSIVE;
				CLANG_CXX_LANGUAGE_STANDARD = "gnu++17";
				CLANG_ENABLE_MODULES = YES;
				CLANG_ENABLE_OBJC_ARC = YES;
				CLANG_ENABLE_OBJC_WEAK = YES;
				CLANG_WARN_BLOCK_CAPTURE_AUTORELEASING = YES;
				CLANG_WARN_BOOL_CONVERSION = YES;
				CLANG_WARN_COMMA = YES;
				CLANG_WARN_CONSTANT_CONVERSION = YES;
				CLANG_WARN_DEPRECATED_OBJC_IMPLEMENTATIONS = YES;
				CLANG_WARN_DIRECT_OBJC_ISA_USAGE = YES_ERROR;
				CLANG_WARN_DOCUMENTATION_COMMENTS = YES;
				CLANG_WARN_EMPTY_BODY = YES;
				CLANG_WARN_ENUM_CONVERSION = YES;
				CLANG_WARN_INFINITE_RECURSION = YES;
				CLANG_WARN_INT_CONVERSION = YES;
				CLANG_WARN_NON_LITERAL_NULL_CONVERSION = YES;
				CLANG_WARN_OBJC_IMPLICIT_RETAIN_SELF = YES;
				CLANG_WARN_OBJC_LITERAL_CONVERSION = YES;
				CLANG_WARN_OBJC_ROOT_CLASS = YES_ERROR;
				CLANG_WARN_QUOTED_INCLUDE_IN_FRAMEWORK_HEADER = YES;
				CLANG_WARN_RANGE_LOOP_ANALYSIS = YES;
				CLANG_WARN_STRICT_PROTOTYPES = YES;
				CLANG_WARN_SUSPICIOUS_MOVE = YES;
				CLANG_WARN_UNGUARDED_AVAILABILITY = YES_AGGRESSIVE;
				CLANG_WARN_UNREACHABLE_CODE = YES;
				CLANG_WARN__DUPLICATE_METHOD_MATCH = YES;
				COPY_PHASE_STRIP = NO;
				DEBUG_INFORMATION_FORMAT = "dwarf-with-dsym";
				ENABLE_NS_ASSERTIONS = NO;
				ENABLE_STRICT_OBJC_MSGSEND = YES;
				GCC_C_LANGUAGE_STANDARD = gnu11;
				GCC_NO_COMMON_BLOCKS = YES;
				GCC_WARN_64_TO_32_BIT_CONVERSION = YES;
				GCC_WARN_ABOUT_RETURN_TYPE = YES_ERROR;
				GCC_WARN_UNDECLARED_SELECTOR = YES;
				GCC_WARN_UNINITIALIZED_AUTOS = YES_AGGRESSIVE;
				GCC_WARN_UNUSED_FUNCTION = YES;
				GCC_WARN_UNUSED_VARIABLE = YES;
				MACOSX_DEPLOYMENT_TARGET = 12.3;
				MTL_ENABLE_DEBUG_INFO = NO;
				MTL_FAST_MATH = YES;
				SDKROOT = macosx;
				SWIFT_COMPILATION_MODE = wholemodule;
				SWIFT_OPTIMIZATION_LEVEL = "-O";
			};
			name = Release;
		};
		17FEFEF02825D74A009EA99E /* Debug */ = {
			isa = XCBuildConfiguration;
			buildSettings = {
				ASSETCATALOG_COMPILER_APPICON_NAME = AppIcon;
				ASSETCATALOG_COMPILER_GLOBAL_ACCENT_COLOR_NAME = AccentColor;
				CODE_SIGN_ENTITLEMENTS = DeInterlacer/DeInterlacer.entitlements;
				CODE_SIGN_STYLE = Automatic;
				COMBINE_HIDPI_IMAGES = YES;
				CURRENT_PROJECT_VERSION = 1;
				DEVELOPMENT_ASSET_PATHS = "\"DeInterlacer/Preview Content\"";
				DEVELOPMENT_TEAM = 7CHD3H6SYF;
				ENABLE_HARDENED_RUNTIME = YES;
				ENABLE_PREVIEWS = YES;
				GENERATE_INFOPLIST_FILE = YES;
				INFOPLIST_FILE = DeInterlacer/Info.plist;
				INFOPLIST_KEY_NSHumanReadableCopyright = "";
				LD_RUNPATH_SEARCH_PATHS = (
					"$(inherited)",
					"@executable_path/../Frameworks",
				);
				MARKETING_VERSION = 1.0;
				PRODUCT_BUNDLE_IDENTIFIER = com.gregc.DeInterlacer;
				PRODUCT_NAME = "$(TARGET_NAME)";
				SWIFT_EMIT_LOC_STRINGS = YES;
				SWIFT_VERSION = 5.0;
			};
			name = Debug;
		};
		17FEFEF12825D74A009EA99E /* Release */ = {
			isa = XCBuildConfiguration;
			buildSettings = {
				ASSETCATALOG_COMPILER_APPICON_NAME = AppIcon;
				ASSETCATALOG_COMPILER_GLOBAL_ACCENT_COLOR_NAME = AccentColor;
				CODE_SIGN_ENTITLEMENTS = DeInterlacer/DeInterlacer.entitlements;
				CODE_SIGN_STYLE = Automatic;
				COMBINE_HIDPI_IMAGES = YES;
				CURRENT_PROJECT_VERSION = 1;
				DEVELOPMENT_ASSET_PATHS = "\"DeInterlacer/Preview Content\"";
				DEVELOPMENT_TEAM = 7CHD3H6SYF;
				ENABLE_HARDENED_RUNTIME = YES;
				ENABLE_PREVIEWS = YES;
				GENERATE_INFOPLIST_FILE = YES;
				INFOPLIST_FILE = DeInterlacer/Info.plist;
				INFOPLIST_KEY_NSHumanReadableCopyright = "";
				LD_RUNPATH_SEARCH_PATHS = (
					"$(inherited)",
					"@executable_path/../Frameworks",
				);
				MARKETING_VERSION = 1.0;
				PRODUCT_BUNDLE_IDENTIFIER = com.gregc.DeInterlacer;
				PRODUCT_NAME = "$(TARGET_NAME)";
				SWIFT_EMIT_LOC_STRINGS = YES;
				SWIFT_VERSION = 5.0;
			};
			name = Release;
		};
/* End XCBuildConfiguration section */

/* Begin XCConfigurationList section */
		17FEFEDB2825D749009EA99E /* Build configuration list for PBXProject "DeInterlacer" */ = {
			isa = XCConfigurationList;
			buildConfigurations = (
				17FEFEED2825D74A009EA99E /* Debug */,
				17FEFEEE2825D74A009EA99E /* Release */,
			);
			defaultConfigurationIsVisible = 0;
			defaultConfigurationName = Release;
		};
		17FEFEEF2825D74A009EA99E /* Build configuration list for PBXNativeTarget "DeInterlacer" */ = {
			isa = XCConfigurationList;
			buildConfigurations = (
				17FEFEF02825D74A009EA99E /* Debug */,
				17FEFEF12825D74A009EA99E /* Release */,
			);
			defaultConfigurationIsVisible = 0;
			defaultConfigurationName = Release;
		};
/* End XCConfigurationList section */
	};
	rootObject = 17FEFED82825D749009EA99E /* Project object */;
}
